
Microsoft Visual Studio Solution File, Format Version 12.00
# Visual Studio Version 18
VisualStudioVersion = 18.2.11415.280
MinimumVisualStudioVersion = 10.0.40219.1
Project("{FAE04EC0-301F-11D3-BF4B-00C04F79EFBC}") = "PassGen", "PassGen\PassGen.csproj", "{C4D364F0-B5B4-4399-AE51-162B2B3E6E6E}"
EndProject
Global
	GlobalSection(SolutionConfigurationPlatforms) = preSolution
		Debug|Any CPU = Debug|Any CPU
		Release|Any CPU = Release|Any CPU
	EndGlobalSection
	GlobalSection(ProjectConfigurationPlatforms) = postSolution
		{C4D364F0-B5B4-4399-AE51-162B2B3E6E6E}.Debug|Any CPU.ActiveCfg = Debug|Any CPU
		{C4D364F0-B5B4-4399-AE51-162B2B3E6E6E}.Debug|Any CPU.Build.0 = Debug|Any CPU
		{C4D364F0-B5B4-4399-AE51-162B2B3E6E6E}.Release|Any CPU.ActiveCfg = Release|Any CPU
		{C4D364F0-B5B4-4399-AE51-162B2B3E6E6E}.Release|Any CPU.Build.0 = Release|Any CPU
	EndGlobalSection
	GlobalSection(SolutionProperties) = preSolution
		HideSolutionNode = FALSE
	EndGlobalSection
	GlobalSection(ExtensibilityGlobals) = postSolution
		SolutionGuid = {849C3E09-BFA0-4745-8A9E-6D5B86BAF47E}
	EndGlobalSection
EndGlobal
